
Microsoft Visual Studio Solution File, Format Version 12.00
# Visual Studio Version 16
VisualStudioVersion = 16.0.35026.282
MinimumVisualStudioVersion = 10.0.40219.1
Project("{FAE04EC0-301F-11D3-BF4B-00C04F79EFBC}") = "DodgeGame", "DodgeGame\DodgeGame.csproj", "{AEB45AD2-22E2-4CF2-BCFC-14B0B6B1EC88}"
EndProject
Global
	GlobalSection(SolutionConfigurationPlatforms) = preSolution
		Debug|Any CPU = Debug|Any CPU
		Release|Any CPU = Release|Any CPU
	EndGlobalSection
	GlobalSection(ProjectConfigurationPlatforms) = postSolution
		{AEB45AD2-22E2-4CF2-BCFC-14B0B6B1EC88}.Debug|Any CPU.ActiveCfg = Debug|Any CPU
		{AEB45AD2-22E2-4CF2-BCFC-14B0B6B1EC88}.Debug|Any CPU.Build.0 = Debug|Any CPU
		{AEB45AD2-22E2-4CF2-BCFC-14B0B6B1EC88}.Release|Any CPU.ActiveCfg = Release|Any CPU
		{AEB45AD2-22E2-4CF2-BCFC-14B0B6B1EC88}.Release|Any CPU.Build.0 = Release|Any CPU
	EndGlobalSection
	GlobalSection(SolutionProperties) = preSolution
		HideSolutionNode = FALSE
	EndGlobalSection
	GlobalSection(ExtensibilityGlobals) = postSolution
		SolutionGuid = {B1A4D413-D4BC-45AA-A77E-4842AD2E8CE9}
	EndGlobalSection
EndGlobal
